
Microsoft Visual Studio Solution File, Format Version 12.00
# Visual Studio Version 17
VisualStudioVersion = 17.7.34024.191
MinimumVisualStudioVersion = 10.0.40219.1
Project("{FAE04EC0-301F-11D3-BF4B-00C04F79EFBC}") = "Calculator", "Calculator.csproj", "{8C33BDE7-5C7B-47E7-9E7A-893907B27CF1}"
EndProject
Global
	GlobalSection(SolutionConfigurationPlatforms) = preSolution
		Debug|Any CPU = Debug|Any CPU
		Release|Any CPU = Release|Any CPU
	EndGlobalSection
	GlobalSection(ProjectConfigurationPlatforms) = postSolution
		{8C33BDE7-5C7B-47E7-9E7A-893907B27CF1}.Debug|Any CPU.ActiveCfg = Debug|Any CPU
		{8C33BDE7-5C7B-47E7-9E7A-893907B27CF1}.Debug|Any CPU.Build.0 = Debug|Any CPU
		{8C33BDE7-5C7B-47E7-9E7A-893907B27CF1}.Release|Any CPU.ActiveCfg = Release|Any CPU
		{8C33BDE7-5C7B-47E7-9E7A-893907B27CF1}.Release|Any CPU.Build.0 = Release|Any CPU
	EndGlobalSection
	GlobalSection(SolutionProperties) = preSolution
		HideSolutionNode = FALSE
	EndGlobalSection
	GlobalSection(ExtensibilityGlobals) = postSolution
		SolutionGuid = {387B9040-2870-49E3-BCAA-89650F9C2979}
	EndGlobalSection
EndGlobal
